
Microsoft Visual Studio Solution File, Format Version 12.00
# Visual Studio 15
VisualStudioVersion = 15.0.28307.136
MinimumVisualStudioVersion = 10.0.40219.1
Project("{8BC9CEB8-8B4A-11D0-8D11-00A0C91BC942}") = "GHwIf", "GHwIf.vcxproj", "{E91656D0-0948-4096-9870-1B3EF055AB2B}"
	ProjectSection(ProjectDependencies) = postProject
		{3ACC3C4B-C493-432A-AD70-ECF02AB467B6} = {3ACC3C4B-C493-432A-AD70-ECF02AB467B6}
	EndProjectSection
EndProject
Project("{888888A0-9F3D-457C-B088-3A5042F75D52}") = "CodeGen", "..\CodeGen\CodeGen.pyproj", "{BE33B4CC-4C96-4E8F-99D8-A9F5A2E73D21}"
EndProject
Project("{8BC9CEB8-8B4A-11D0-8D11-00A0C91BC942}") = "lua", "lua\lua.vcxproj", "{3ACC3C4B-C493-432A-AD70-ECF02AB467B6}"
EndProject
Project("{8BC9CEB8-8B4A-11D0-8D11-00A0C91BC942}") = "uv", "libuv-v1.24.1\uv\uv.vcxproj", "{9E89BC08-3C05-4DA9-AB2E-AAFF02963D6E}"
EndProject
Global
	GlobalSection(SolutionConfigurationPlatforms) = preSolution
		Debug|Any CPU = Debug|Any CPU
		Debug|x64 = Debug|x64
		Debug|x86 = Debug|x86
		Release|Any CPU = Release|Any CPU
		Release|x64 = Release|x64
		Release|x86 = Release|x86
	EndGlobalSection
	GlobalSection(ProjectConfigurationPlatforms) = postSolution
		{E91656D0-0948-4096-9870-1B3EF055AB2B}.Debug|Any CPU.ActiveCfg = Debug|Win32
		{E91656D0-0948-4096-9870-1B3EF055AB2B}.Debug|x64.ActiveCfg = Debug|x64
		{E91656D0-0948-4096-9870-1B3EF055AB2B}.Debug|x64.Build.0 = Debug|x64
		{E91656D0-0948-4096-9870-1B3EF055AB2B}.Debug|x86.ActiveCfg = Debug|Win32
		{E91656D0-0948-4096-9870-1B3EF055AB2B}.Debug|x86.Build.0 = Debug|Win32
		{E91656D0-0948-4096-9870-1B3EF055AB2B}.Release|Any CPU.ActiveCfg = Release|Win32
		{E91656D0-0948-4096-9870-1B3EF055AB2B}.Release|x64.ActiveCfg = Release|x64
		{E91656D0-0948-4096-9870-1B3EF055AB2B}.Release|x64.Build.0 = Release|x64
		{E91656D0-0948-4096-9870-1B3EF055AB2B}.Release|x86.ActiveCfg = Release|Win32
		{E91656D0-0948-4096-9870-1B3EF055AB2B}.Release|x86.Build.0 = Release|Win32
		{BE33B4CC-4C96-4E8F-99D8-A9F5A2E73D21}.Debug|Any CPU.ActiveCfg = Debug|Any CPU
		{BE33B4CC-4C96-4E8F-99D8-A9F5A2E73D21}.Debug|x64.ActiveCfg = Debug|Any CPU
		{BE33B4CC-4C96-4E8F-99D8-A9F5A2E73D21}.Debug|x86.ActiveCfg = Debug|Any CPU
		{BE33B4CC-4C96-4E8F-99D8-A9F5A2E73D21}.Release|Any CPU.ActiveCfg = Release|Any CPU
		{BE33B4CC-4C96-4E8F-99D8-A9F5A2E73D21}.Release|x64.ActiveCfg = Release|Any CPU
		{BE33B4CC-4C96-4E8F-99D8-A9F5A2E73D21}.Release|x86.ActiveCfg = Release|Any CPU
		{3ACC3C4B-C493-432A-AD70-ECF02AB467B6}.Debug|Any CPU.ActiveCfg = Debug|Win32
		{3ACC3C4B-C493-432A-AD70-ECF02AB467B6}.Debug|x64.ActiveCfg = Debug|x64
		{3ACC3C4B-C493-432A-AD70-ECF02AB467B6}.Debug|x64.Build.0 = Debug|x64
		{3ACC3C4B-C493-432A-AD70-ECF02AB467B6}.Debug|x86.ActiveCfg = Debug|Win32
		{3ACC3C4B-C493-432A-AD70-ECF02AB467B6}.Debug|x86.Build.0 = Debug|Win32
		{3ACC3C4B-C493-432A-AD70-ECF02AB467B6}.Release|Any CPU.ActiveCfg = Release|Win32
		{3ACC3C4B-C493-432A-AD70-ECF02AB467B6}.Release|x64.ActiveCfg = Release|x64
		{3ACC3C4B-C493-432A-AD70-ECF02AB467B6}.Release|x64.Build.0 = Release|x64
		{3ACC3C4B-C493-432A-AD70-ECF02AB467B6}.Release|x86.ActiveCfg = Release|Win32
		{3ACC3C4B-C493-432A-AD70-ECF02AB467B6}.Release|x86.Build.0 = Release|Win32
		{9E89BC08-3C05-4DA9-AB2E-AAFF02963D6E}.Debug|Any CPU.ActiveCfg = Debug|Win32
		{9E89BC08-3C05-4DA9-AB2E-AAFF02963D6E}.Debug|x64.ActiveCfg = Debug|x64
		{9E89BC08-3C05-4DA9-AB2E-AAFF02963D6E}.Debug|x64.Build.0 = Debug|x64
		{9E89BC08-3C05-4DA9-AB2E-AAFF02963D6E}.Debug|x86.ActiveCfg = Debug|Win32
		{9E89BC08-3C05-4DA9-AB2E-AAFF02963D6E}.Debug|x86.Build.0 = Debug|Win32
		{9E89BC08-3C05-4DA9-AB2E-AAFF02963D6E}.Release|Any CPU.ActiveCfg = Release|Win32
		{9E89BC08-3C05-4DA9-AB2E-AAFF02963D6E}.Release|x64.ActiveCfg = Release|x64
		{9E89BC08-3C05-4DA9-AB2E-AAFF02963D6E}.Release|x64.Build.0 = Release|x64
		{9E89BC08-3C05-4DA9-AB2E-AAFF02963D6E}.Release|x86.ActiveCfg = Release|Win32
		{9E89BC08-3C05-4DA9-AB2E-AAFF02963D6E}.Release|x86.Build.0 = Release|Win32
	EndGlobalSection
	GlobalSection(SolutionProperties) = preSolution
		HideSolutionNode = FALSE
	EndGlobalSection
	GlobalSection(ExtensibilityGlobals) = postSolution
		SolutionGuid = {9BE442ED-8514-42CC-864E-B4CD410465D2}
	EndGlobalSection
EndGlobal
