
Microsoft Visual Studio Solution File, Format Version 12.00
# Visual Studio Version 16
VisualStudioVersion = 16.0.28803.202
MinimumVisualStudioVersion = 10.0.40219.1
Project("{8BC9CEB8-8B4A-11D0-8D11-00A0C91BC942}") = "GHwIf", "GHwIf.vcxproj", "{E91656D0-0948-4096-9870-1B3EF055AB2B}"
EndProject
Project("{888888A0-9F3D-457C-B088-3A5042F75D52}") = "CodeGen", "..\CodeGen\CodeGen.pyproj", "{BE33B4CC-4C96-4E8F-99D8-A9F5A2E73D21}"
EndProject
Project("{8BC9CEB8-8B4A-11D0-8D11-00A0C91BC942}") = "lua", "lua\lua.vcxproj", "{3ACC3C4B-C493-432A-AD70-ECF02AB467B6}"
EndProject
Project("{8BC9CEB8-8B4A-11D0-8D11-00A0C91BC942}") = "uv", "libuv-v1.24.1\uv\uv.vcxproj", "{9E89BC08-3C05-4DA9-AB2E-AAFF02963D6E}"
EndProject
Project("{888888A0-9F3D-457C-B088-3A5042F75D52}") = "makewrapper", "gen\makewrapper\makewrapper.pyproj", "{3310DDD8-FE29-45CA-BFAB-F33480B7B450}"
EndProject
Project("{8BC9CEB8-8B4A-11D0-8D11-00A0C91BC942}") = "pythoncore", "external\Python-2.7.15\PCbuild\pythoncore.vcxproj", "{CF7AC3D1-E2DF-41D2-BEA6-1E2556CDEA26}"
EndProject
Project("{8BC9CEB8-8B4A-11D0-8D11-00A0C91BC942}") = "expat", "external\expat-2.2.6\expat.vcxproj", "{45A5074D-66E8-44A4-A03F-018027B528D6}"
EndProject
Global
	GlobalSection(SolutionConfigurationPlatforms) = preSolution
		Debug|Any CPU = Debug|Any CPU
		Debug|x64 = Debug|x64
		Debug|x86 = Debug|x86
		PGInstrument|Any CPU = PGInstrument|Any CPU
		PGInstrument|x64 = PGInstrument|x64
		PGInstrument|x86 = PGInstrument|x86
		PGUpdate|Any CPU = PGUpdate|Any CPU
		PGUpdate|x64 = PGUpdate|x64
		PGUpdate|x86 = PGUpdate|x86
		Release|Any CPU = Release|Any CPU
		Release|x64 = Release|x64
		Release|x86 = Release|x86
		Template|Any CPU = Template|Any CPU
		Template|x64 = Template|x64
		Template|x86 = Template|x86
	EndGlobalSection
	GlobalSection(ProjectConfigurationPlatforms) = postSolution
		{E91656D0-0948-4096-9870-1B3EF055AB2B}.Debug|Any CPU.ActiveCfg = Debug|Win32
		{E91656D0-0948-4096-9870-1B3EF055AB2B}.Debug|x64.ActiveCfg = Debug|x64
		{E91656D0-0948-4096-9870-1B3EF055AB2B}.Debug|x64.Build.0 = Debug|x64
		{E91656D0-0948-4096-9870-1B3EF055AB2B}.Debug|x86.ActiveCfg = Debug|Win32
		{E91656D0-0948-4096-9870-1B3EF055AB2B}.Debug|x86.Build.0 = Debug|Win32
		{E91656D0-0948-4096-9870-1B3EF055AB2B}.PGInstrument|Any CPU.ActiveCfg = Release|x64
		{E91656D0-0948-4096-9870-1B3EF055AB2B}.PGInstrument|Any CPU.Build.0 = Release|x64
		{E91656D0-0948-4096-9870-1B3EF055AB2B}.PGInstrument|x64.ActiveCfg = Release|x64
		{E91656D0-0948-4096-9870-1B3EF055AB2B}.PGInstrument|x64.Build.0 = Release|x64
		{E91656D0-0948-4096-9870-1B3EF055AB2B}.PGInstrument|x86.ActiveCfg = Release|Win32
		{E91656D0-0948-4096-9870-1B3EF055AB2B}.PGInstrument|x86.Build.0 = Release|Win32
		{E91656D0-0948-4096-9870-1B3EF055AB2B}.PGUpdate|Any CPU.ActiveCfg = Release|x64
		{E91656D0-0948-4096-9870-1B3EF055AB2B}.PGUpdate|Any CPU.Build.0 = Release|x64
		{E91656D0-0948-4096-9870-1B3EF055AB2B}.PGUpdate|x64.ActiveCfg = Release|x64
		{E91656D0-0948-4096-9870-1B3EF055AB2B}.PGUpdate|x64.Build.0 = Release|x64
		{E91656D0-0948-4096-9870-1B3EF055AB2B}.PGUpdate|x86.ActiveCfg = Release|Win32
		{E91656D0-0948-4096-9870-1B3EF055AB2B}.PGUpdate|x86.Build.0 = Release|Win32
		{E91656D0-0948-4096-9870-1B3EF055AB2B}.Release|Any CPU.ActiveCfg = Release|Win32
		{E91656D0-0948-4096-9870-1B3EF055AB2B}.Release|x64.ActiveCfg = Release|x64
		{E91656D0-0948-4096-9870-1B3EF055AB2B}.Release|x64.Build.0 = Release|x64
		{E91656D0-0948-4096-9870-1B3EF055AB2B}.Release|x86.ActiveCfg = Release|Win32
		{E91656D0-0948-4096-9870-1B3EF055AB2B}.Release|x86.Build.0 = Release|Win32
		{E91656D0-0948-4096-9870-1B3EF055AB2B}.Template|Any CPU.ActiveCfg = Release|Win32
		{E91656D0-0948-4096-9870-1B3EF055AB2B}.Template|Any CPU.Build.0 = Release|Win32
		{E91656D0-0948-4096-9870-1B3EF055AB2B}.Template|x64.ActiveCfg = Release|x64
		{E91656D0-0948-4096-9870-1B3EF055AB2B}.Template|x64.Build.0 = Release|x64
		{E91656D0-0948-4096-9870-1B3EF055AB2B}.Template|x86.ActiveCfg = Release|Win32
		{E91656D0-0948-4096-9870-1B3EF055AB2B}.Template|x86.Build.0 = Release|Win32
		{BE33B4CC-4C96-4E8F-99D8-A9F5A2E73D21}.Debug|Any CPU.ActiveCfg = Debug|Any CPU
		{BE33B4CC-4C96-4E8F-99D8-A9F5A2E73D21}.Debug|x64.ActiveCfg = Debug|Any CPU
		{BE33B4CC-4C96-4E8F-99D8-A9F5A2E73D21}.Debug|x86.ActiveCfg = Debug|Any CPU
		{BE33B4CC-4C96-4E8F-99D8-A9F5A2E73D21}.PGInstrument|Any CPU.ActiveCfg = Release|Any CPU
		{BE33B4CC-4C96-4E8F-99D8-A9F5A2E73D21}.PGInstrument|x64.ActiveCfg = Release|Any CPU
		{BE33B4CC-4C96-4E8F-99D8-A9F5A2E73D21}.PGInstrument|x86.ActiveCfg = Release|Any CPU
		{BE33B4CC-4C96-4E8F-99D8-A9F5A2E73D21}.PGUpdate|Any CPU.ActiveCfg = Release|Any CPU
		{BE33B4CC-4C96-4E8F-99D8-A9F5A2E73D21}.PGUpdate|x64.ActiveCfg = Release|Any CPU
		{BE33B4CC-4C96-4E8F-99D8-A9F5A2E73D21}.PGUpdate|x86.ActiveCfg = Release|Any CPU
		{BE33B4CC-4C96-4E8F-99D8-A9F5A2E73D21}.Release|Any CPU.ActiveCfg = Release|Any CPU
		{BE33B4CC-4C96-4E8F-99D8-A9F5A2E73D21}.Release|x64.ActiveCfg = Release|Any CPU
		{BE33B4CC-4C96-4E8F-99D8-A9F5A2E73D21}.Release|x86.ActiveCfg = Release|Any CPU
		{BE33B4CC-4C96-4E8F-99D8-A9F5A2E73D21}.Template|Any CPU.ActiveCfg = Release|Any CPU
		{BE33B4CC-4C96-4E8F-99D8-A9F5A2E73D21}.Template|x64.ActiveCfg = Release|Any CPU
		{BE33B4CC-4C96-4E8F-99D8-A9F5A2E73D21}.Template|x86.ActiveCfg = Release|Any CPU
		{3ACC3C4B-C493-432A-AD70-ECF02AB467B6}.Debug|Any CPU.ActiveCfg = Debug|Win32
		{3ACC3C4B-C493-432A-AD70-ECF02AB467B6}.Debug|x64.ActiveCfg = Debug|x64
		{3ACC3C4B-C493-432A-AD70-ECF02AB467B6}.Debug|x64.Build.0 = Debug|x64
		{3ACC3C4B-C493-432A-AD70-ECF02AB467B6}.Debug|x86.ActiveCfg = Debug|Win32
		{3ACC3C4B-C493-432A-AD70-ECF02AB467B6}.Debug|x86.Build.0 = Debug|Win32
		{3ACC3C4B-C493-432A-AD70-ECF02AB467B6}.PGInstrument|Any CPU.ActiveCfg = Release|x64
		{3ACC3C4B-C493-432A-AD70-ECF02AB467B6}.PGInstrument|Any CPU.Build.0 = Release|x64
		{3ACC3C4B-C493-432A-AD70-ECF02AB467B6}.PGInstrument|x64.ActiveCfg = Release|x64
		{3ACC3C4B-C493-432A-AD70-ECF02AB467B6}.PGInstrument|x64.Build.0 = Release|x64
		{3ACC3C4B-C493-432A-AD70-ECF02AB467B6}.PGInstrument|x86.ActiveCfg = Release|Win32
		{3ACC3C4B-C493-432A-AD70-ECF02AB467B6}.PGInstrument|x86.Build.0 = Release|Win32
		{3ACC3C4B-C493-432A-AD70-ECF02AB467B6}.PGUpdate|Any CPU.ActiveCfg = Release|x64
		{3ACC3C4B-C493-432A-AD70-ECF02AB467B6}.PGUpdate|Any CPU.Build.0 = Release|x64
		{3ACC3C4B-C493-432A-AD70-ECF02AB467B6}.PGUpdate|x64.ActiveCfg = Release|x64
		{3ACC3C4B-C493-432A-AD70-ECF02AB467B6}.PGUpdate|x64.Build.0 = Release|x64
		{3ACC3C4B-C493-432A-AD70-ECF02AB467B6}.PGUpdate|x86.ActiveCfg = Release|Win32
		{3ACC3C4B-C493-432A-AD70-ECF02AB467B6}.PGUpdate|x86.Build.0 = Release|Win32
		{3ACC3C4B-C493-432A-AD70-ECF02AB467B6}.Release|Any CPU.ActiveCfg = Release|Win32
		{3ACC3C4B-C493-432A-AD70-ECF02AB467B6}.Release|x64.ActiveCfg = Release|x64
		{3ACC3C4B-C493-432A-AD70-ECF02AB467B6}.Release|x64.Build.0 = Release|x64
		{3ACC3C4B-C493-432A-AD70-ECF02AB467B6}.Release|x86.ActiveCfg = Release|Win32
		{3ACC3C4B-C493-432A-AD70-ECF02AB467B6}.Release|x86.Build.0 = Release|Win32
		{3ACC3C4B-C493-432A-AD70-ECF02AB467B6}.Template|Any CPU.ActiveCfg = Release|Win32
		{3ACC3C4B-C493-432A-AD70-ECF02AB467B6}.Template|Any CPU.Build.0 = Release|Win32
		{3ACC3C4B-C493-432A-AD70-ECF02AB467B6}.Template|x64.ActiveCfg = Release|x64
		{3ACC3C4B-C493-432A-AD70-ECF02AB467B6}.Template|x64.Build.0 = Release|x64
		{3ACC3C4B-C493-432A-AD70-ECF02AB467B6}.Template|x86.ActiveCfg = Release|Win32
		{3ACC3C4B-C493-432A-AD70-ECF02AB467B6}.Template|x86.Build.0 = Release|Win32
		{9E89BC08-3C05-4DA9-AB2E-AAFF02963D6E}.Debug|Any CPU.ActiveCfg = Debug|Win32
		{9E89BC08-3C05-4DA9-AB2E-AAFF02963D6E}.Debug|x64.ActiveCfg = Debug|x64
		{9E89BC08-3C05-4DA9-AB2E-AAFF02963D6E}.Debug|x64.Build.0 = Debug|x64
		{9E89BC08-3C05-4DA9-AB2E-AAFF02963D6E}.Debug|x86.ActiveCfg = Debug|Win32
		{9E89BC08-3C05-4DA9-AB2E-AAFF02963D6E}.Debug|x86.Build.0 = Debug|Win32
		{9E89BC08-3C05-4DA9-AB2E-AAFF02963D6E}.PGInstrument|Any CPU.ActiveCfg = Release|x64
		{9E89BC08-3C05-4DA9-AB2E-AAFF02963D6E}.PGInstrument|Any CPU.Build.0 = Release|x64
		{9E89BC08-3C05-4DA9-AB2E-AAFF02963D6E}.PGInstrument|x64.ActiveCfg = Release|x64
		{9E89BC08-3C05-4DA9-AB2E-AAFF02963D6E}.PGInstrument|x64.Build.0 = Release|x64
		{9E89BC08-3C05-4DA9-AB2E-AAFF02963D6E}.PGInstrument|x86.ActiveCfg = Release|Win32
		{9E89BC08-3C05-4DA9-AB2E-AAFF02963D6E}.PGInstrument|x86.Build.0 = Release|Win32
		{9E89BC08-3C05-4DA9-AB2E-AAFF02963D6E}.PGUpdate|Any CPU.ActiveCfg = Release|x64
		{9E89BC08-3C05-4DA9-AB2E-AAFF02963D6E}.PGUpdate|Any CPU.Build.0 = Release|x64
		{9E89BC08-3C05-4DA9-AB2E-AAFF02963D6E}.PGUpdate|x64.ActiveCfg = Release|x64
		{9E89BC08-3C05-4DA9-AB2E-AAFF02963D6E}.PGUpdate|x64.Build.0 = Release|x64
		{9E89BC08-3C05-4DA9-AB2E-AAFF02963D6E}.PGUpdate|x86.ActiveCfg = Release|Win32
		{9E89BC08-3C05-4DA9-AB2E-AAFF02963D6E}.PGUpdate|x86.Build.0 = Release|Win32
		{9E89BC08-3C05-4DA9-AB2E-AAFF02963D6E}.Release|Any CPU.ActiveCfg = Release|Win32
		{9E89BC08-3C05-4DA9-AB2E-AAFF02963D6E}.Release|x64.ActiveCfg = Release|x64
		{9E89BC08-3C05-4DA9-AB2E-AAFF02963D6E}.Release|x64.Build.0 = Release|x64
		{9E89BC08-3C05-4DA9-AB2E-AAFF02963D6E}.Release|x86.ActiveCfg = Release|Win32
		{9E89BC08-3C05-4DA9-AB2E-AAFF02963D6E}.Release|x86.Build.0 = Release|Win32
		{9E89BC08-3C05-4DA9-AB2E-AAFF02963D6E}.Template|Any CPU.ActiveCfg = Release|Win32
		{9E89BC08-3C05-4DA9-AB2E-AAFF02963D6E}.Template|Any CPU.Build.0 = Release|Win32
		{9E89BC08-3C05-4DA9-AB2E-AAFF02963D6E}.Template|x64.ActiveCfg = Release|x64
		{9E89BC08-3C05-4DA9-AB2E-AAFF02963D6E}.Template|x64.Build.0 = Release|x64
		{9E89BC08-3C05-4DA9-AB2E-AAFF02963D6E}.Template|x86.ActiveCfg = Release|Win32
		{9E89BC08-3C05-4DA9-AB2E-AAFF02963D6E}.Template|x86.Build.0 = Release|Win32
		{3310DDD8-FE29-45CA-BFAB-F33480B7B450}.Debug|Any CPU.ActiveCfg = Debug|Any CPU
		{3310DDD8-FE29-45CA-BFAB-F33480B7B450}.Debug|x64.ActiveCfg = Debug|Any CPU
		{3310DDD8-FE29-45CA-BFAB-F33480B7B450}.Debug|x86.ActiveCfg = Debug|Any CPU
		{3310DDD8-FE29-45CA-BFAB-F33480B7B450}.PGInstrument|Any CPU.ActiveCfg = Release|Any CPU
		{3310DDD8-FE29-45CA-BFAB-F33480B7B450}.PGInstrument|x64.ActiveCfg = Release|Any CPU
		{3310DDD8-FE29-45CA-BFAB-F33480B7B450}.PGInstrument|x86.ActiveCfg = Release|Any CPU
		{3310DDD8-FE29-45CA-BFAB-F33480B7B450}.PGUpdate|Any CPU.ActiveCfg = Release|Any CPU
		{3310DDD8-FE29-45CA-BFAB-F33480B7B450}.PGUpdate|x64.ActiveCfg = Release|Any CPU
		{3310DDD8-FE29-45CA-BFAB-F33480B7B450}.PGUpdate|x86.ActiveCfg = Release|Any CPU
		{3310DDD8-FE29-45CA-BFAB-F33480B7B450}.Release|Any CPU.ActiveCfg = Release|Any CPU
		{3310DDD8-FE29-45CA-BFAB-F33480B7B450}.Release|x64.ActiveCfg = Release|Any CPU
		{3310DDD8-FE29-45CA-BFAB-F33480B7B450}.Release|x86.ActiveCfg = Release|Any CPU
		{3310DDD8-FE29-45CA-BFAB-F33480B7B450}.Template|Any CPU.ActiveCfg = Release|Any CPU
		{3310DDD8-FE29-45CA-BFAB-F33480B7B450}.Template|x64.ActiveCfg = Release|Any CPU
		{3310DDD8-FE29-45CA-BFAB-F33480B7B450}.Template|x86.ActiveCfg = Release|Any CPU
		{CF7AC3D1-E2DF-41D2-BEA6-1E2556CDEA26}.Debug|Any CPU.ActiveCfg = Debug|Win32
		{CF7AC3D1-E2DF-41D2-BEA6-1E2556CDEA26}.Debug|x64.ActiveCfg = Debug|x64
		{CF7AC3D1-E2DF-41D2-BEA6-1E2556CDEA26}.Debug|x64.Build.0 = Debug|x64
		{CF7AC3D1-E2DF-41D2-BEA6-1E2556CDEA26}.Debug|x86.ActiveCfg = Debug|Win32
		{CF7AC3D1-E2DF-41D2-BEA6-1E2556CDEA26}.Debug|x86.Build.0 = Debug|Win32
		{CF7AC3D1-E2DF-41D2-BEA6-1E2556CDEA26}.PGInstrument|Any CPU.ActiveCfg = PGInstrument|Win32
		{CF7AC3D1-E2DF-41D2-BEA6-1E2556CDEA26}.PGInstrument|x64.ActiveCfg = PGInstrument|x64
		{CF7AC3D1-E2DF-41D2-BEA6-1E2556CDEA26}.PGInstrument|x64.Build.0 = PGInstrument|x64
		{CF7AC3D1-E2DF-41D2-BEA6-1E2556CDEA26}.PGInstrument|x86.ActiveCfg = PGInstrument|Win32
		{CF7AC3D1-E2DF-41D2-BEA6-1E2556CDEA26}.PGInstrument|x86.Build.0 = PGInstrument|Win32
		{CF7AC3D1-E2DF-41D2-BEA6-1E2556CDEA26}.PGUpdate|Any CPU.ActiveCfg = PGUpdate|Win32
		{CF7AC3D1-E2DF-41D2-BEA6-1E2556CDEA26}.PGUpdate|x64.ActiveCfg = PGUpdate|x64
		{CF7AC3D1-E2DF-41D2-BEA6-1E2556CDEA26}.PGUpdate|x64.Build.0 = PGUpdate|x64
		{CF7AC3D1-E2DF-41D2-BEA6-1E2556CDEA26}.PGUpdate|x86.ActiveCfg = PGUpdate|Win32
		{CF7AC3D1-E2DF-41D2-BEA6-1E2556CDEA26}.PGUpdate|x86.Build.0 = PGUpdate|Win32
		{CF7AC3D1-E2DF-41D2-BEA6-1E2556CDEA26}.Release|Any CPU.ActiveCfg = Release|Win32
		{CF7AC3D1-E2DF-41D2-BEA6-1E2556CDEA26}.Release|x64.ActiveCfg = Release|x64
		{CF7AC3D1-E2DF-41D2-BEA6-1E2556CDEA26}.Release|x64.Build.0 = Release|x64
		{CF7AC3D1-E2DF-41D2-BEA6-1E2556CDEA26}.Release|x86.ActiveCfg = Release|Win32
		{CF7AC3D1-E2DF-41D2-BEA6-1E2556CDEA26}.Release|x86.Build.0 = Release|Win32
		{CF7AC3D1-E2DF-41D2-BEA6-1E2556CDEA26}.Template|Any CPU.ActiveCfg = Release|x64
		{CF7AC3D1-E2DF-41D2-BEA6-1E2556CDEA26}.Template|Any CPU.Build.0 = Release|x64
		{CF7AC3D1-E2DF-41D2-BEA6-1E2556CDEA26}.Template|x64.ActiveCfg = Release|x64
		{CF7AC3D1-E2DF-41D2-BEA6-1E2556CDEA26}.Template|x64.Build.0 = Release|x64
		{CF7AC3D1-E2DF-41D2-BEA6-1E2556CDEA26}.Template|x86.ActiveCfg = Release|Win32
		{CF7AC3D1-E2DF-41D2-BEA6-1E2556CDEA26}.Template|x86.Build.0 = Release|Win32
		{45A5074D-66E8-44A4-A03F-018027B528D6}.Debug|Any CPU.ActiveCfg = Debug|Win32
		{45A5074D-66E8-44A4-A03F-018027B528D6}.Debug|x64.ActiveCfg = Debug|Win32
		{45A5074D-66E8-44A4-A03F-018027B528D6}.Debug|x86.ActiveCfg = Debug|Win32
		{45A5074D-66E8-44A4-A03F-018027B528D6}.Debug|x86.Build.0 = Debug|Win32
		{45A5074D-66E8-44A4-A03F-018027B528D6}.PGInstrument|Any CPU.ActiveCfg = Template|Win32
		{45A5074D-66E8-44A4-A03F-018027B528D6}.PGInstrument|Any CPU.Build.0 = Template|Win32
		{45A5074D-66E8-44A4-A03F-018027B528D6}.PGInstrument|x64.ActiveCfg = Template|Win32
		{45A5074D-66E8-44A4-A03F-018027B528D6}.PGInstrument|x64.Build.0 = Template|Win32
		{45A5074D-66E8-44A4-A03F-018027B528D6}.PGInstrument|x86.ActiveCfg = Template|Win32
		{45A5074D-66E8-44A4-A03F-018027B528D6}.PGInstrument|x86.Build.0 = Template|Win32
		{45A5074D-66E8-44A4-A03F-018027B528D6}.PGUpdate|Any CPU.ActiveCfg = Template|Win32
		{45A5074D-66E8-44A4-A03F-018027B528D6}.PGUpdate|Any CPU.Build.0 = Template|Win32
		{45A5074D-66E8-44A4-A03F-018027B528D6}.PGUpdate|x64.ActiveCfg = Template|Win32
		{45A5074D-66E8-44A4-A03F-018027B528D6}.PGUpdate|x64.Build.0 = Template|Win32
		{45A5074D-66E8-44A4-A03F-018027B528D6}.PGUpdate|x86.ActiveCfg = Template|Win32
		{45A5074D-66E8-44A4-A03F-018027B528D6}.PGUpdate|x86.Build.0 = Template|Win32
		{45A5074D-66E8-44A4-A03F-018027B528D6}.Release|Any CPU.ActiveCfg = Release|Win32
		{45A5074D-66E8-44A4-A03F-018027B528D6}.Release|x64.ActiveCfg = Release|Win32
		{45A5074D-66E8-44A4-A03F-018027B528D6}.Release|x86.ActiveCfg = Release|Win32
		{45A5074D-66E8-44A4-A03F-018027B528D6}.Release|x86.Build.0 = Release|Win32
		{45A5074D-66E8-44A4-A03F-018027B528D6}.Template|Any CPU.ActiveCfg = Template|Win32
		{45A5074D-66E8-44A4-A03F-018027B528D6}.Template|x64.ActiveCfg = Template|Win32
		{45A5074D-66E8-44A4-A03F-018027B528D6}.Template|x86.ActiveCfg = Template|Win32
		{45A5074D-66E8-44A4-A03F-018027B528D6}.Template|x86.Build.0 = Template|Win32
	EndGlobalSection
	GlobalSection(SolutionProperties) = preSolution
		HideSolutionNode = FALSE
	EndGlobalSection
	GlobalSection(ExtensibilityGlobals) = postSolution
		SolutionGuid = {9BE442ED-8514-42CC-864E-B4CD410465D2}
	EndGlobalSection
EndGlobal
